
Microsoft Visual Studio Solution File, Format Version 12.00
# Visual Studio Version 17
VisualStudioVersion = 17.5.33627.172
MinimumVisualStudioVersion = 10.0.40219.1
Project("{FAE04EC0-301F-11D3-BF4B-00C04F79EFBC}") = "SimpleContactManager", "SimpleContactManager\SimpleContactManager.csproj", "{F4F5A509-D19D-4F1C-8EC7-540B3CE68F49}"
EndProject
Global
	GlobalSection(SolutionConfigurationPlatforms) = preSolution
		Debug|Any CPU = Debug|Any CPU
		Release|Any CPU = Release|Any CPU
	EndGlobalSection
	GlobalSection(ProjectConfigurationPlatforms) = postSolution
		{F4F5A509-D19D-4F1C-8EC7-540B3CE68F49}.Debug|Any CPU.ActiveCfg = Debug|Any CPU
		{F4F5A509-D19D-4F1C-8EC7-540B3CE68F49}.Debug|Any CPU.Build.0 = Debug|Any CPU
		{F4F5A509-D19D-4F1C-8EC7-540B3CE68F49}.Release|Any CPU.ActiveCfg = Release|Any CPU
		{F4F5A509-D19D-4F1C-8EC7-540B3CE68F49}.Release|Any CPU.Build.0 = Release|Any CPU
	EndGlobalSection
	GlobalSection(SolutionProperties) = preSolution
		HideSolutionNode = FALSE
	EndGlobalSection
	GlobalSection(ExtensibilityGlobals) = postSolution
		SolutionGuid = {8CD42FF5-87F9-431F-BAC5-13C0E297F31A}
	EndGlobalSection
EndGlobal
